// !$*UTF8*$!
{
	archiveVersion = 1;
	classes = {
	};
	objectVersion = 46;
	objects = {

/* Begin PBXBuildFile section */
		3912A5941F0C84C500C819E1 /* CircleAnimateViewController.swift in Sources */ = {isa = PBXBuildFile; fileRef = 3912A5931F0C84C500C819E1 /* CircleAnimateViewController.swift */; };
		392132F51E9F6C3A00ED62E2 /* GhostFireAnimationViewController.swift in Sources */ = {isa = PBXBuildFile; fileRef = 392132F41E9F6C3A00ED62E2 /* GhostFireAnimationViewController.swift */; };
		392223F91F1480A6001AE375 /* ImageTransformViewController.swift in Sources */ = {isa = PBXBuildFile; fileRef = 392223F81F1480A6001AE375 /* ImageTransformViewController.swift */; };
		396139361F1EF44000540E18 /* GradientAniViewController.swift in Sources */ = {isa = PBXBuildFile; fileRef = 396139351F1EF44000540E18 /* GradientAniViewController.swift */; };
		396139381F1F0B1D00540E18 /* GradientLabel.swift in Sources */ = {isa = PBXBuildFile; fileRef = 396139371F1F0B1D00540E18 /* GradientLabel.swift */; };
		3961393D1F1F3C3400540E18 /* IBTestViewController.swift in Sources */ = {isa = PBXBuildFile; fileRef = 3961393C1F1F3C3400540E18 /* IBTestViewController.swift */; };
		39AE3D831E9B268F00A46CBD /* PlaneSportViewController.swift in Sources */ = {isa = PBXBuildFile; fileRef = 39AE3D821E9B268F00A46CBD /* PlaneSportViewController.swift */; };
		39B1065E1E9732AC0000DC3F /* AppDelegate.swift in Sources */ = {isa = PBXBuildFile; fileRef = 39B1065D1E9732AC0000DC3F /* AppDelegate.swift */; };
		39B106611E9732AC0000DC3F /* SwiftSimpleAnimations.xcdatamodeld in Sources */ = {isa = PBXBuildFile; fileRef = 39B1065F1E9732AC0000DC3F /* SwiftSimpleAnimations.xcdatamodeld */; };
		39B106681E9732AC0000DC3F /* Main.storyboard in Resources */ = {isa = PBXBuildFile; fileRef = 39B106661E9732AC0000DC3F /* Main.storyboard */; };
		39B1066A1E9732AC0000DC3F /* Assets.xcassets in Resources */ = {isa = PBXBuildFile; fileRef = 39B106691E9732AC0000DC3F /* Assets.xcassets */; };
		39B1066D1E9732AC0000DC3F /* LaunchScreen.storyboard in Resources */ = {isa = PBXBuildFile; fileRef = 39B1066B1E9732AC0000DC3F /* LaunchScreen.storyboard */; };
		39B106781E9732AD0000DC3F /* SwiftSimpleAnimationsTests.swift in Sources */ = {isa = PBXBuildFile; fileRef = 39B106771E9732AD0000DC3F /* SwiftSimpleAnimationsTests.swift */; };
		39B106831E9732AD0000DC3F /* SwiftSimpleAnimationsUITests.swift in Sources */ = {isa = PBXBuildFile; fileRef = 39B106821E9732AD0000DC3F /* SwiftSimpleAnimationsUITests.swift */; };
		39B106911E9739200000DC3F /* HomeTableViewController.swift in Sources */ = {isa = PBXBuildFile; fileRef = 39B106901E9739200000DC3F /* HomeTableViewController.swift */; };
		39B106DD1E977E9D0000DC3F /* ButtonMoveViewController.swift in Sources */ = {isa = PBXBuildFile; fileRef = 39B106DC1E977E9D0000DC3F /* ButtonMoveViewController.swift */; };
		39B106E01E9790B80000DC3F /* TurnAroundViewController.swift in Sources */ = {isa = PBXBuildFile; fileRef = 39B106DF1E9790B80000DC3F /* TurnAroundViewController.swift */; };
		39BE9C3B1F205FFD004FE6AB /* CalculatorView.swift in Sources */ = {isa = PBXBuildFile; fileRef = 39BE9C3A1F205FFD004FE6AB /* CalculatorView.swift */; };
		39BE9C3D1F20805F004FE6AB /* MytestView.swift in Sources */ = {isa = PBXBuildFile; fileRef = 39BE9C3C1F20805F004FE6AB /* MytestView.swift */; };
		39BE9C3F1F20806D004FE6AB /* MytestView.xib in Resources */ = {isa = PBXBuildFile; fileRef = 39BE9C3E1F20806D004FE6AB /* MytestView.xib */; };
		39C689701F0B69800062F715 /* VolumeBeatViewController.swift in Sources */ = {isa = PBXBuildFile; fileRef = 39C6896F1F0B69800062F715 /* VolumeBeatViewController.swift */; };
		39D065C11E9E0B7D00CCCD13 /* FrameAnimiationViewController.swift in Sources */ = {isa = PBXBuildFile; fileRef = 39D065C01E9E0B7D00CCCD13 /* FrameAnimiationViewController.swift */; };
		39D065C31E9E1BEC00CCCD13 /* BlackHoleView.swift in Sources */ = {isa = PBXBuildFile; fileRef = 39D065C21E9E1BEC00CCCD13 /* BlackHoleView.swift */; };
		39F6B6661F219DA2009CD3B7 /* ChartViewController.swift in Sources */ = {isa = PBXBuildFile; fileRef = 39F6B6651F219DA2009CD3B7 /* ChartViewController.swift */; };
		39F6B6681F219E20009CD3B7 /* LineChartView.swift in Sources */ = {isa = PBXBuildFile; fileRef = 39F6B6671F219E20009CD3B7 /* LineChartView.swift */; };
		39F6B66A1F21B339009CD3B7 /* BarChartView.swift in Sources */ = {isa = PBXBuildFile; fileRef = 39F6B6691F21B339009CD3B7 /* BarChartView.swift */; };
		39F6B66D1F21D1B6009CD3B7 /* TransitionViewController.swift in Sources */ = {isa = PBXBuildFile; fileRef = 39F6B66C1F21D1B6009CD3B7 /* TransitionViewController.swift */; };
		39F6B66F1F21DAA5009CD3B7 /* TransitionAnim.swift in Sources */ = {isa = PBXBuildFile; fileRef = 39F6B66E1F21DAA5009CD3B7 /* TransitionAnim.swift */; };
		39F6B6711F21DDE6009CD3B7 /* TransitionNewViewController.swift in Sources */ = {isa = PBXBuildFile; fileRef = 39F6B6701F21DDE6009CD3B7 /* TransitionNewViewController.swift */; };
/* End PBXBuildFile section */

/* Begin PBXContainerItemProxy section */
		39B106741E9732AC0000DC3F /* PBXContainerItemProxy */ = {
			isa = PBXContainerItemProxy;
			containerPortal = 39B106521E9732AC0000DC3F /* Project object */;
			proxyType = 1;
			remoteGlobalIDString = 39B106591E9732AC0000DC3F;
			remoteInfo = SwiftSimpleAnimations;
		};
		39B1067F1E9732AD0000DC3F /* PBXContainerItemProxy */ = {
			isa = PBXContainerItemProxy;
			containerPortal = 39B106521E9732AC0000DC3F /* Project object */;
			proxyType = 1;
			remoteGlobalIDString = 39B106591E9732AC0000DC3F;
			remoteInfo = SwiftSimpleAnimations;
		};
/* End PBXContainerItemProxy section */

/* Begin PBXFileReference section */
		3912A5931F0C84C500C819E1 /* CircleAnimateViewController.swift */ = {isa = PBXFileReference; fileEncoding = 4; lastKnownFileType = sourcecode.swift; path = CircleAnimateViewController.swift; sourceTree = "<group>"; };
		392132F41E9F6C3A00ED62E2 /* GhostFireAnimationViewController.swift */ = {isa = PBXFileReference; fileEncoding = 4; lastKnownFileType = sourcecode.swift; path = GhostFireAnimationViewController.swift; sourceTree = "<group>"; };
		392223F81F1480A6001AE375 /* ImageTransformViewController.swift */ = {isa = PBXFileReference; fileEncoding = 4; lastKnownFileType = sourcecode.swift; path = ImageTransformViewController.swift; sourceTree = "<group>"; };
		396139351F1EF44000540E18 /* GradientAniViewController.swift */ = {isa = PBXFileReference; fileEncoding = 4; lastKnownFileType = sourcecode.swift; path = GradientAniViewController.swift; sourceTree = "<group>"; };
		396139371F1F0B1D00540E18 /* GradientLabel.swift */ = {isa = PBXFileReference; fileEncoding = 4; lastKnownFileType = sourcecode.swift; path = GradientLabel.swift; sourceTree = "<group>"; };
		3961393C1F1F3C3400540E18 /* IBTestViewController.swift */ = {isa = PBXFileReference; fileEncoding = 4; lastKnownFileType = sourcecode.swift; path = IBTestViewController.swift; sourceTree = "<group>"; };
		39AE3D821E9B268F00A46CBD /* PlaneSportViewController.swift */ = {isa = PBXFileReference; fileEncoding = 4; lastKnownFileType = sourcecode.swift; path = PlaneSportViewController.swift; sourceTree = "<group>"; };
		39B1065A1E9732AC0000DC3F /* SwiftSimpleAnimations.app */ = {isa = PBXFileReference; explicitFileType = wrapper.application; includeInIndex = 0; path = SwiftSimpleAnimations.app; sourceTree = BUILT_PRODUCTS_DIR; };
		39B1065D1E9732AC0000DC3F /* AppDelegate.swift */ = {isa = PBXFileReference; lastKnownFileType = sourcecode.swift; path = AppDelegate.swift; sourceTree = "<group>"; };
		39B106601E9732AC0000DC3F /* SwiftSimpleAnimations.xcdatamodel */ = {isa = PBXFileReference; lastKnownFileType = wrapper.xcdatamodel; path = SwiftSimpleAnimations.xcdatamodel; sourceTree = "<group>"; };
		39B106671E9732AC0000DC3F /* Base */ = {isa = PBXFileReference; lastKnownFileType = file.storyboard; name = Base; path = Base.lproj/Main.storyboard; sourceTree = "<group>"; };
		39B106691E9732AC0000DC3F /* Assets.xcassets */ = {isa = PBXFileReference; lastKnownFileType = folder.assetcatalog; path = Assets.xcassets; sourceTree = "<group>"; };
		39B1066C1E9732AC0000DC3F /* Base */ = {isa = PBXFileReference; lastKnownFileType = file.storyboard; name = Base; path = Base.lproj/LaunchScreen.storyboard; sourceTree = "<group>"; };
		39B1066E1E9732AC0000DC3F /* Info.plist */ = {isa = PBXFileReference; lastKnownFileType = text.plist.xml; path = Info.plist; sourceTree = "<group>"; };
		39B106731E9732AC0000DC3F /* SwiftSimpleAnimationsTests.xctest */ = {isa = PBXFileReference; explicitFileType = wrapper.cfbundle; includeInIndex = 0; path = SwiftSimpleAnimationsTests.xctest; sourceTree = BUILT_PRODUCTS_DIR; };
		39B106771E9732AD0000DC3F /* SwiftSimpleAnimationsTests.swift */ = {isa = PBXFileReference; lastKnownFileType = sourcecode.swift; path = SwiftSimpleAnimationsTests.swift; sourceTree = "<group>"; };
		39B106791E9732AD0000DC3F /* Info.plist */ = {isa = PBXFileReference; lastKnownFileType = text.plist.xml; path = Info.plist; sourceTree = "<group>"; };
		39B1067E1E9732AD0000DC3F /* SwiftSimpleAnimationsUITests.xctest */ = {isa = PBXFileReference; explicitFileType = wrapper.cfbundle; includeInIndex = 0; path = SwiftSimpleAnimationsUITests.xctest; sourceTree = BUILT_PRODUCTS_DIR; };
		39B106821E9732AD0000DC3F /* SwiftSimpleAnimationsUITests.swift */ = {isa = PBXFileReference; lastKnownFileType = sourcecode.swift; path = SwiftSimpleAnimationsUITests.swift; sourceTree = "<group>"; };
		39B106841E9732AD0000DC3F /* Info.plist */ = {isa = PBXFileReference; lastKnownFileType = text.plist.xml; path = Info.plist; sourceTree = "<group>"; };
		39B106901E9739200000DC3F /* HomeTableViewController.swift */ = {isa = PBXFileReference; fileEncoding = 4; lastKnownFileType = sourcecode.swift; path = HomeTableViewController.swift; sourceTree = "<group>"; };
		39B106DC1E977E9D0000DC3F /* ButtonMoveViewController.swift */ = {isa = PBXFileReference; fileEncoding = 4; lastKnownFileType = sourcecode.swift; path = ButtonMoveViewController.swift; sourceTree = "<group>"; };
		39B106DF1E9790B80000DC3F /* TurnAroundViewController.swift */ = {isa = PBXFileReference; fileEncoding = 4; lastKnownFileType = sourcecode.swift; path = TurnAroundViewController.swift; sourceTree = "<group>"; };
		39BE9C3A1F205FFD004FE6AB /* CalculatorView.swift */ = {isa = PBXFileReference; fileEncoding = 4; lastKnownFileType = sourcecode.swift; path = CalculatorView.swift; sourceTree = "<group>"; };
		39BE9C3C1F20805F004FE6AB /* MytestView.swift */ = {isa = PBXFileReference; fileEncoding = 4; lastKnownFileType = sourcecode.swift; path = MytestView.swift; sourceTree = "<group>"; };
		39BE9C3E1F20806D004FE6AB /* MytestView.xib */ = {isa = PBXFileReference; fileEncoding = 4; lastKnownFileType = file.xib; path = MytestView.xib; sourceTree = "<group>"; };
		39C6896F1F0B69800062F715 /* VolumeBeatViewController.swift */ = {isa = PBXFileReference; fileEncoding = 4; lastKnownFileType = sourcecode.swift; path = VolumeBeatViewController.swift; sourceTree = "<group>"; };
		39D065C01E9E0B7D00CCCD13 /* FrameAnimiationViewController.swift */ = {isa = PBXFileReference; fileEncoding = 4; lastKnownFileType = sourcecode.swift; path = FrameAnimiationViewController.swift; sourceTree = "<group>"; };
		39D065C21E9E1BEC00CCCD13 /* BlackHoleView.swift */ = {isa = PBXFileReference; fileEncoding = 4; lastKnownFileType = sourcecode.swift; path = BlackHoleView.swift; sourceTree = "<group>"; };
		39F6B6651F219DA2009CD3B7 /* ChartViewController.swift */ = {isa = PBXFileReference; fileEncoding = 4; lastKnownFileType = sourcecode.swift; path = ChartViewController.swift; sourceTree = "<group>"; };
		39F6B6671F219E20009CD3B7 /* LineChartView.swift */ = {isa = PBXFileReference; fileEncoding = 4; lastKnownFileType = sourcecode.swift; path = LineChartView.swift; sourceTree = "<group>"; };
		39F6B6691F21B339009CD3B7 /* BarChartView.swift */ = {isa = PBXFileReference; fileEncoding = 4; lastKnownFileType = sourcecode.swift; path = BarChartView.swift; sourceTree = "<group>"; };
		39F6B66C1F21D1B6009CD3B7 /* TransitionViewController.swift */ = {isa = PBXFileReference; fileEncoding = 4; lastKnownFileType = sourcecode.swift; path = TransitionViewController.swift; sourceTree = "<group>"; };
		39F6B66E1F21DAA5009CD3B7 /* TransitionAnim.swift */ = {isa = PBXFileReference; fileEncoding = 4; lastKnownFileType = sourcecode.swift; path = TransitionAnim.swift; sourceTree = "<group>"; };
		39F6B6701F21DDE6009CD3B7 /* TransitionNewViewController.swift */ = {isa = PBXFileReference; fileEncoding = 4; lastKnownFileType = sourcecode.swift; path = TransitionNewViewController.swift; sourceTree = "<group>"; };
/* End PBXFileReference section */

/* Begin PBXFrameworksBuildPhase section */
		39B106571E9732AC0000DC3F /* Frameworks */ = {
			isa = PBXFrameworksBuildPhase;
			buildActionMask = 2147483647;
			files = (
			);
			runOnlyForDeploymentPostprocessing = 0;
		};
		39B106701E9732AC0000DC3F /* Frameworks */ = {
			isa = PBXFrameworksBuildPhase;
			buildActionMask = 2147483647;
			files = (
			);
			runOnlyForDeploymentPostprocessing = 0;
		};
		39B1067B1E9732AD0000DC3F /* Frameworks */ = {
			isa = PBXFrameworksBuildPhase;
			buildActionMask = 2147483647;
			files = (
			);
			runOnlyForDeploymentPostprocessing = 0;
		};
/* End PBXFrameworksBuildPhase section */

/* Begin PBXGroup section */
		392132F31E9F6C1800ED62E2 /* GhostFireAnimation */ = {
			isa = PBXGroup;
			children = (
				392132F41E9F6C3A00ED62E2 /* GhostFireAnimationViewController.swift */,
			);
			name = GhostFireAnimation;
			sourceTree = "<group>";
		};
		392223F71F14806F001AE375 /* 3DTransform */ = {
			isa = PBXGroup;
			children = (
				392223F81F1480A6001AE375 /* ImageTransformViewController.swift */,
			);
			name = 3DTransform;
			sourceTree = "<group>";
		};
		396139341F1EF41300540E18 /* GradientLayer */ = {
			isa = PBXGroup;
			children = (
				396139351F1EF44000540E18 /* GradientAniViewController.swift */,
				396139371F1F0B1D00540E18 /* GradientLabel.swift */,
			);
			name = GradientLayer;
			sourceTree = "<group>";
		};
		396139391F1F3B5700540E18 /* IBInspectable */ = {
			isa = PBXGroup;
			children = (
				3961393C1F1F3C3400540E18 /* IBTestViewController.swift */,
				39BE9C3A1F205FFD004FE6AB /* CalculatorView.swift */,
				39BE9C3C1F20805F004FE6AB /* MytestView.swift */,
				39BE9C3E1F20806D004FE6AB /* MytestView.xib */,
			);
			name = IBInspectable;
			sourceTree = "<group>";
		};
		39AE3D811E9B265000A46CBD /* PlaneSport */ = {
			isa = PBXGroup;
			children = (
				39AE3D821E9B268F00A46CBD /* PlaneSportViewController.swift */,
			);
			name = PlaneSport;
			sourceTree = "<group>";
		};
		39B106511E9732AC0000DC3F = {
			isa = PBXGroup;
			children = (
				39B1065C1E9732AC0000DC3F /* SwiftSimpleAnimations */,
				39B106761E9732AC0000DC3F /* SwiftSimpleAnimationsTests */,
				39B106811E9732AD0000DC3F /* SwiftSimpleAnimationsUITests */,
				39B1065B1E9732AC0000DC3F /* Products */,
			);
			sourceTree = "<group>";
		};
		39B1065B1E9732AC0000DC3F /* Products */ = {
			isa = PBXGroup;
			children = (
				39B1065A1E9732AC0000DC3F /* SwiftSimpleAnimations.app */,
				39B106731E9732AC0000DC3F /* SwiftSimpleAnimationsTests.xctest */,
				39B1067E1E9732AD0000DC3F /* SwiftSimpleAnimationsUITests.xctest */,
			);
			name = Products;
			sourceTree = "<group>";
		};
		39B1065C1E9732AC0000DC3F /* SwiftSimpleAnimations */ = {
			isa = PBXGroup;
			children = (
				39B106DB1E977E810000DC3F /* buttonMove */,
				39B106DE1E97907A0000DC3F /* TurnAround */,
				39AE3D811E9B265000A46CBD /* PlaneSport */,
				39D065BF1E9E0B2D00CCCD13 /* FrameAnimiation */,
				392132F31E9F6C1800ED62E2 /* GhostFireAnimation */,
				39C6896E1F0B68F10062F715 /* VolumeBeat */,
				39C689711F0B7B250062F715 /* CircleAnimate */,
				392223F71F14806F001AE375 /* 3DTransform */,
				396139341F1EF41300540E18 /* GradientLayer */,
				396139391F1F3B5700540E18 /* IBInspectable */,
				39F6B6641F219D70009CD3B7 /* ChartLineView */,
				39F6B66B1F21D183009CD3B7 /* TransitionAnimation */,
				39B1065D1E9732AC0000DC3F /* AppDelegate.swift */,
				39B106901E9739200000DC3F /* HomeTableViewController.swift */,
				39B106661E9732AC0000DC3F /* Main.storyboard */,
				39B106691E9732AC0000DC3F /* Assets.xcassets */,
				39B1066B1E9732AC0000DC3F /* LaunchScreen.storyboard */,
				39B1066E1E9732AC0000DC3F /* Info.plist */,
				39B1065F1E9732AC0000DC3F /* SwiftSimpleAnimations.xcdatamodeld */,
			);
			path = SwiftSimpleAnimations;
			sourceTree = "<group>";
		};
		39B106761E9732AC0000DC3F /* SwiftSimpleAnimationsTests */ = {
			isa = PBXGroup;
			children = (
				39B106771E9732AD0000DC3F /* SwiftSimpleAnimationsTests.swift */,
				39B106791E9732AD0000DC3F /* Info.plist */,
			);
			path = SwiftSimpleAnimationsTests;
			sourceTree = "<group>";
		};
		39B106811E9732AD0000DC3F /* SwiftSimpleAnimationsUITests */ = {
			isa = PBXGroup;
			children = (
				39B106821E9732AD0000DC3F /* SwiftSimpleAnimationsUITests.swift */,
				39B106841E9732AD0000DC3F /* Info.plist */,
			);
			path = SwiftSimpleAnimationsUITests;
			sourceTree = "<group>";
		};
		39B106DB1E977E810000DC3F /* buttonMove */ = {
			isa = PBXGroup;
			children = (
				39B106DC1E977E9D0000DC3F /* ButtonMoveViewController.swift */,
			);
			name = buttonMove;
			sourceTree = "<group>";
		};
		39B106DE1E97907A0000DC3F /* TurnAround */ = {
			isa = PBXGroup;
			children = (
				39B106DF1E9790B80000DC3F /* TurnAroundViewController.swift */,
			);
			name = TurnAround;
			sourceTree = "<group>";
		};
		39C6896E1F0B68F10062F715 /* VolumeBeat */ = {
			isa = PBXGroup;
			children = (
				39C6896F1F0B69800062F715 /* VolumeBeatViewController.swift */,
			);
			name = VolumeBeat;
			sourceTree = "<group>";
		};
		39C689711F0B7B250062F715 /* CircleAnimate */ = {
			isa = PBXGroup;
			children = (
				3912A5931F0C84C500C819E1 /* CircleAnimateViewController.swift */,
			);
			name = CircleAnimate;
			sourceTree = "<group>";
		};
		39D065BF1E9E0B2D00CCCD13 /* FrameAnimiation */ = {
			isa = PBXGroup;
			children = (
				39D065C01E9E0B7D00CCCD13 /* FrameAnimiationViewController.swift */,
				39D065C21E9E1BEC00CCCD13 /* BlackHoleView.swift */,
			);
			name = FrameAnimiation;
			sourceTree = "<group>";
		};
		39F6B6641F219D70009CD3B7 /* ChartLineView */ = {
			isa = PBXGroup;
			children = (
				39F6B6651F219DA2009CD3B7 /* ChartViewController.swift */,
				39F6B6671F219E20009CD3B7 /* LineChartView.swift */,
				39F6B6691F21B339009CD3B7 /* BarChartView.swift */,
			);
			name = ChartLineView;
			sourceTree = "<group>";
		};
		39F6B66B1F21D183009CD3B7 /* TransitionAnimation */ = {
			isa = PBXGroup;
			children = (
				39F6B66C1F21D1B6009CD3B7 /* TransitionViewController.swift */,
				39F6B66E1F21DAA5009CD3B7 /* TransitionAnim.swift */,
				39F6B6701F21DDE6009CD3B7 /* TransitionNewViewController.swift */,
			);
			name = TransitionAnimation;
			sourceTree = "<group>";
		};
/* End PBXGroup section */

/* Begin PBXNativeTarget section */
		39B106591E9732AC0000DC3F /* SwiftSimpleAnimations */ = {
			isa = PBXNativeTarget;
			buildConfigurationList = 39B106871E9732AD0000DC3F /* Build configuration list for PBXNativeTarget "SwiftSimpleAnimations" */;
			buildPhases = (
				39B106561E9732AC0000DC3F /* Sources */,
				39B106571E9732AC0000DC3F /* Frameworks */,
				39B106581E9732AC0000DC3F /* Resources */,
			);
			buildRules = (
			);
			dependencies = (
			);
			name = SwiftSimpleAnimations;
			productName = SwiftSimpleAnimations;
			productReference = 39B1065A1E9732AC0000DC3F /* SwiftSimpleAnimations.app */;
			productType = "com.apple.product-type.application";
		};
		39B106721E9732AC0000DC3F /* SwiftSimpleAnimationsTests */ = {
			isa = PBXNativeTarget;
			buildConfigurationList = 39B1068A1E9732AD0000DC3F /* Build configuration list for PBXNativeTarget "SwiftSimpleAnimationsTests" */;
			buildPhases = (
				39B1066F1E9732AC0000DC3F /* Sources */,
				39B106701E9732AC0000DC3F /* Frameworks */,
				39B106711E9732AC0000DC3F /* Resources */,
			);
			buildRules = (
			);
			dependencies = (
				39B106751E9732AC0000DC3F /* PBXTargetDependency */,
			);
			name = SwiftSimpleAnimationsTests;
			productName = SwiftSimpleAnimationsTests;
			productReference = 39B106731E9732AC0000DC3F /* SwiftSimpleAnimationsTests.xctest */;
			productType = "com.apple.product-type.bundle.unit-test";
		};
		39B1067D1E9732AD0000DC3F /* SwiftSimpleAnimationsUITests */ = {
			isa = PBXNativeTarget;
			buildConfigurationList = 39B1068D1E9732AD0000DC3F /* Build configuration list for PBXNativeTarget "SwiftSimpleAnimationsUITests" */;
			buildPhases = (
				39B1067A1E9732AD0000DC3F /* Sources */,
				39B1067B1E9732AD0000DC3F /* Frameworks */,
				39B1067C1E9732AD0000DC3F /* Resources */,
			);
			buildRules = (
			);
			dependencies = (
				39B106801E9732AD0000DC3F /* PBXTargetDependency */,
			);
			name = SwiftSimpleAnimationsUITests;
			productName = SwiftSimpleAnimationsUITests;
			productReference = 39B1067E1E9732AD0000DC3F /* SwiftSimpleAnimationsUITests.xctest */;
			productType = "com.apple.product-type.bundle.ui-testing";
		};
/* End PBXNativeTarget section */

/* Begin PBXProject section */
		39B106521E9732AC0000DC3F /* Project object */ = {
			isa = PBXProject;
			attributes = {
				LastSwiftUpdateCheck = 0820;
				LastUpgradeCheck = 0820;
				ORGANIZATIONNAME = "陈帆";
				TargetAttributes = {
					39B106591E9732AC0000DC3F = {
						CreatedOnToolsVersion = 8.2.1;
						DevelopmentTeam = EDA8EGULN6;
						ProvisioningStyle = Automatic;
					};
					39B106721E9732AC0000DC3F = {
						CreatedOnToolsVersion = 8.2.1;
						DevelopmentTeam = EDA8EGULN6;
						ProvisioningStyle = Automatic;
						TestTargetID = 39B106591E9732AC0000DC3F;
					};
					39B1067D1E9732AD0000DC3F = {
						CreatedOnToolsVersion = 8.2.1;
						DevelopmentTeam = EDA8EGULN6;
						ProvisioningStyle = Automatic;
						TestTargetID = 39B106591E9732AC0000DC3F;
					};
				};
			};
			buildConfigurationList = 39B106551E9732AC0000DC3F /* Build configuration list for PBXProject "SwiftSimpleAnimations" */;
			compatibilityVersion = "Xcode 3.2";
			developmentRegion = English;
			hasScannedForEncodings = 0;
			knownRegions = (
				en,
				Base,
			);
			mainGroup = 39B106511E9732AC0000DC3F;
			productRefGroup = 39B1065B1E9732AC0000DC3F /* Products */;
			projectDirPath = "";
			projectRoot = "";
			targets = (
				39B106591E9732AC0000DC3F /* SwiftSimpleAnimations */,
				39B106721E9732AC0000DC3F /* SwiftSimpleAnimationsTests */,
				39B1067D1E9732AD0000DC3F /* SwiftSimpleAnimationsUITests */,
			);
		};
/* End PBXProject section */

/* Begin PBXResourcesBuildPhase section */
		39B106581E9732AC0000DC3F /* Resources */ = {
			isa = PBXResourcesBuildPhase;
			buildActionMask = 2147483647;
			files = (
				39BE9C3F1F20806D004FE6AB /* MytestView.xib in Resources */,
				39B1066D1E9732AC0000DC3F /* LaunchScreen.storyboard in Resources */,
				39B1066A1E9732AC0000DC3F /* Assets.xcassets in Resources */,
				39B106681E9732AC0000DC3F /* Main.storyboard in Resources */,
			);
			runOnlyForDeploymentPostprocessing = 0;
		};
		39B106711E9732AC0000DC3F /* Resources */ = {
			isa = PBXResourcesBuildPhase;
			buildActionMask = 2147483647;
			files = (
			);
			runOnlyForDeploymentPostprocessing = 0;
		};
		39B1067C1E9732AD0000DC3F /* Resources */ = {
			isa = PBXResourcesBuildPhase;
			buildActionMask = 2147483647;
			files = (
			);
			runOnlyForDeploymentPostprocessing = 0;
		};
/* End PBXResourcesBuildPhase section */

/* Begin PBXSourcesBuildPhase section */
		39B106561E9732AC0000DC3F /* Sources */ = {
			isa = PBXSourcesBuildPhase;
			buildActionMask = 2147483647;
			files = (
				39C689701F0B69800062F715 /* VolumeBeatViewController.swift in Sources */,
				396139361F1EF44000540E18 /* GradientAniViewController.swift in Sources */,
				39B106911E9739200000DC3F /* HomeTableViewController.swift in Sources */,
				39B106E01E9790B80000DC3F /* TurnAroundViewController.swift in Sources */,
				39BE9C3B1F205FFD004FE6AB /* CalculatorView.swift in Sources */,
				39F6B6661F219DA2009CD3B7 /* ChartViewController.swift in Sources */,
				39AE3D831E9B268F00A46CBD /* PlaneSportViewController.swift in Sources */,
				39F6B66A1F21B339009CD3B7 /* BarChartView.swift in Sources */,
				39D065C11E9E0B7D00CCCD13 /* FrameAnimiationViewController.swift in Sources */,
				3912A5941F0C84C500C819E1 /* CircleAnimateViewController.swift in Sources */,
				39B106611E9732AC0000DC3F /* SwiftSimpleAnimations.xcdatamodeld in Sources */,
				39F6B66F1F21DAA5009CD3B7 /* TransitionAnim.swift in Sources */,
				392223F91F1480A6001AE375 /* ImageTransformViewController.swift in Sources */,
				39B1065E1E9732AC0000DC3F /* AppDelegate.swift in Sources */,
				39BE9C3D1F20805F004FE6AB /* MytestView.swift in Sources */,
				392132F51E9F6C3A00ED62E2 /* GhostFireAnimationViewController.swift in Sources */,
				39F6B6711F21DDE6009CD3B7 /* TransitionNewViewController.swift in Sources */,
				39F6B6681F219E20009CD3B7 /* LineChartView.swift in Sources */,
				39D065C31E9E1BEC00CCCD13 /* BlackHoleView.swift in Sources */,
				396139381F1F0B1D00540E18 /* GradientLabel.swift in Sources */,
				39B106DD1E977E9D0000DC3F /* ButtonMoveViewController.swift in Sources */,
				39F6B66D1F21D1B6009CD3B7 /* TransitionViewController.swift in Sources */,
				3961393D1F1F3C3400540E18 /* IBTestViewController.swift in Sources */,
			);
			runOnlyForDeploymentPostprocessing = 0;
		};
		39B1066F1E9732AC0000DC3F /* Sources */ = {
			isa = PBXSourcesBuildPhase;
			buildActionMask = 2147483647;
			files = (
				39B106781E9732AD0000DC3F /* SwiftSimpleAnimationsTests.swift in Sources */,
			);
			runOnlyForDeploymentPostprocessing = 0;
		};
		39B1067A1E9732AD0000DC3F /* Sources */ = {
			isa = PBXSourcesBuildPhase;
			buildActionMask = 2147483647;
			files = (
				39B106831E9732AD0000DC3F /* SwiftSimpleAnimationsUITests.swift in Sources */,
			);
			runOnlyForDeploymentPostprocessing = 0;
		};
/* End PBXSourcesBuildPhase section */

/* Begin PBXTargetDependency section */
		39B106751E9732AC0000DC3F /* PBXTargetDependency */ = {
			isa = PBXTargetDependency;
			target = 39B106591E9732AC0000DC3F /* SwiftSimpleAnimations */;
			targetProxy = 39B106741E9732AC0000DC3F /* PBXContainerItemProxy */;
		};
		39B106801E9732AD0000DC3F /* PBXTargetDependency */ = {
			isa = PBXTargetDependency;
			target = 39B106591E9732AC0000DC3F /* SwiftSimpleAnimations */;
			targetProxy = 39B1067F1E9732AD0000DC3F /* PBXContainerItemProxy */;
		};
/* End PBXTargetDependency section */

/* Begin PBXVariantGroup section */
		39B106661E9732AC0000DC3F /* Main.storyboard */ = {
			isa = PBXVariantGroup;
			children = (
				39B106671E9732AC0000DC3F /* Base */,
			);
			name = Main.storyboard;
			sourceTree = "<group>";
		};
		39B1066B1E9732AC0000DC3F /* LaunchScreen.storyboard */ = {
			isa = PBXVariantGroup;
			children = (
				39B1066C1E9732AC0000DC3F /* Base */,
			);
			name = LaunchScreen.storyboard;
			sourceTree = "<group>";
		};
/* End PBXVariantGroup section */

/* Begin XCBuildConfiguration section */
		39B106851E9732AD0000DC3F /* Debug */ = {
			isa = XCBuildConfiguration;
			buildSettings = {
				ALWAYS_SEARCH_USER_PATHS = NO;
				CLANG_ANALYZER_NONNULL = YES;
				CLANG_CXX_LANGUAGE_STANDARD = "gnu++0x";
				CLANG_CXX_LIBRARY = "libc++";
				CLANG_ENABLE_MODULES = YES;
				CLANG_ENABLE_OBJC_ARC = YES;
				CLANG_WARN_BOOL_CONVERSION = YES;
				CLANG_WARN_CONSTANT_CONVERSION = YES;
				CLANG_WARN_DIRECT_OBJC_ISA_USAGE = YES_ERROR;
				CLANG_WARN_DOCUMENTATION_COMMENTS = YES;
				CLANG_WARN_EMPTY_BODY = YES;
				CLANG_WARN_ENUM_CONVERSION = YES;
				CLANG_WARN_INFINITE_RECURSION = YES;
				CLANG_WARN_INT_CONVERSION = YES;
				CLANG_WARN_OBJC_ROOT_CLASS = YES_ERROR;
				CLANG_WARN_SUSPICIOUS_MOVE = YES;
				CLANG_WARN_UNREACHABLE_CODE = YES;
				CLANG_WARN__DUPLICATE_METHOD_MATCH = YES;
				"CODE_SIGN_IDENTITY[sdk=iphoneos*]" = "iPhone Developer";
				COPY_PHASE_STRIP = NO;
				DEBUG_INFORMATION_FORMAT = dwarf;
				ENABLE_STRICT_OBJC_MSGSEND = YES;
				ENABLE_TESTABILITY = YES;
				GCC_C_LANGUAGE_STANDARD = gnu99;
				GCC_DYNAMIC_NO_PIC = NO;
				GCC_NO_COMMON_BLOCKS = YES;
				GCC_OPTIMIZATION_LEVEL = 0;
				GCC_PREPROCESSOR_DEFINITIONS = (
					"DEBUG=1",
					"$(inherited)",
				);
				GCC_WARN_64_TO_32_BIT_CONVERSION = YES;
				GCC_WARN_ABOUT_RETURN_TYPE = YES_ERROR;
				GCC_WARN_UNDECLARED_SELECTOR = YES;
				GCC_WARN_UNINITIALIZED_AUTOS = YES_AGGRESSIVE;
				GCC_WARN_UNUSED_FUNCTION = YES;
				GCC_WARN_UNUSED_VARIABLE = YES;
				IPHONEOS_DEPLOYMENT_TARGET = 10.0;
				MTL_ENABLE_DEBUG_INFO = YES;
				ONLY_ACTIVE_ARCH = YES;
				SDKROOT = iphoneos;
				SWIFT_ACTIVE_COMPILATION_CONDITIONS = DEBUG;
				SWIFT_OPTIMIZATION_LEVEL = "-Onone";
			};
			name = Debug;
		};
		39B106861E9732AD0000DC3F /* Release */ = {
			isa = XCBuildConfiguration;
			buildSettings = {
				ALWAYS_SEARCH_USER_PATHS = NO;
				CLANG_ANALYZER_NONNULL = YES;
				CLANG_CXX_LANGUAGE_STANDARD = "gnu++0x";
				CLANG_CXX_LIBRARY = "libc++";
				CLANG_ENABLE_MODULES = YES;
				CLANG_ENABLE_OBJC_ARC = YES;
				CLANG_WARN_BOOL_CONVERSION = YES;
				CLANG_WARN_CONSTANT_CONVERSION = YES;
				CLANG_WARN_DIRECT_OBJC_ISA_USAGE = YES_ERROR;
				CLANG_WARN_DOCUMENTATION_COMMENTS = YES;
				CLANG_WARN_EMPTY_BODY = YES;
				CLANG_WARN_ENUM_CONVERSION = YES;
				CLANG_WARN_INFINITE_RECURSION = YES;
				CLANG_WARN_INT_CONVERSION = YES;
				CLANG_WARN_OBJC_ROOT_CLASS = YES_ERROR;
				CLANG_WARN_SUSPICIOUS_MOVE = YES;
				CLANG_WARN_UNREACHABLE_CODE = YES;
				CLANG_WARN__DUPLICATE_METHOD_MATCH = YES;
				"CODE_SIGN_IDENTITY[sdk=iphoneos*]" = "iPhone Developer";
				COPY_PHASE_STRIP = NO;
				DEBUG_INFORMATION_FORMAT = "dwarf-with-dsym";
				ENABLE_NS_ASSERTIONS = NO;
				ENABLE_STRICT_OBJC_MSGSEND = YES;
				GCC_C_LANGUAGE_STANDARD = gnu99;
				GCC_NO_COMMON_BLOCKS = YES;
				GCC_WARN_64_TO_32_BIT_CONVERSION = YES;
				GCC_WARN_ABOUT_RETURN_TYPE = YES_ERROR;
				GCC_WARN_UNDECLARED_SELECTOR = YES;
				GCC_WARN_UNINITIALIZED_AUTOS = YES_AGGRESSIVE;
				GCC_WARN_UNUSED_FUNCTION = YES;
				GCC_WARN_UNUSED_VARIABLE = YES;
				IPHONEOS_DEPLOYMENT_TARGET = 10.0;
				MTL_ENABLE_DEBUG_INFO = NO;
				SDKROOT = iphoneos;
				SWIFT_OPTIMIZATION_LEVEL = "-Owholemodule";
				VALIDATE_PRODUCT = YES;
			};
			name = Release;
		};
		39B106881E9732AD0000DC3F /* Debug */ = {
			isa = XCBuildConfiguration;
			buildSettings = {
				ASSETCATALOG_COMPILER_APPICON_NAME = AppIcon;
				DEVELOPMENT_TEAM = EDA8EGULN6;
				INFOPLIST_FILE = SwiftSimpleAnimations/Info.plist;
				IPHONEOS_DEPLOYMENT_TARGET = 10.0;
				LD_RUNPATH_SEARCH_PATHS = "$(inherited) @executable_path/Frameworks";
				PRODUCT_BUNDLE_IDENTIFIER = com.jointsky.SwiftSimpleAnimations;
				PRODUCT_NAME = "$(TARGET_NAME)";
				SWIFT_VERSION = 3.0;
			};
			name = Debug;
		};
		39B106891E9732AD0000DC3F /* Release */ = {
			isa = XCBuildConfiguration;
			buildSettings = {
				ASSETCATALOG_COMPILER_APPICON_NAME = AppIcon;
				DEVELOPMENT_TEAM = EDA8EGULN6;
				INFOPLIST_FILE = SwiftSimpleAnimations/Info.plist;
				IPHONEOS_DEPLOYMENT_TARGET = 10.0;
				LD_RUNPATH_SEARCH_PATHS = "$(inherited) @executable_path/Frameworks";
				PRODUCT_BUNDLE_IDENTIFIER = com.jointsky.SwiftSimpleAnimations;
				PRODUCT_NAME = "$(TARGET_NAME)";
				SWIFT_VERSION = 3.0;
			};
			name = Release;
		};
		39B1068B1E9732AD0000DC3F /* Debug */ = {
			isa = XCBuildConfiguration;
			buildSettings = {
				ALWAYS_EMBED_SWIFT_STANDARD_LIBRARIES = YES;
				BUNDLE_LOADER = "$(TEST_HOST)";
				DEVELOPMENT_TEAM = EDA8EGULN6;
				INFOPLIST_FILE = SwiftSimpleAnimationsTests/Info.plist;
				LD_RUNPATH_SEARCH_PATHS = "$(inherited) @executable_path/Frameworks @loader_path/Frameworks";
				PRODUCT_BUNDLE_IDENTIFIER = com.jointsky.SwiftSimpleAnimationsTests;
				PRODUCT_NAME = "$(TARGET_NAME)";
				SWIFT_VERSION = 3.0;
				TEST_HOST = "$(BUILT_PRODUCTS_DIR)/SwiftSimpleAnimations.app/SwiftSimpleAnimations";
			};
			name = Debug;
		};
		39B1068C1E9732AD0000DC3F /* Release */ = {
			isa = XCBuildConfiguration;
			buildSettings = {
				ALWAYS_EMBED_SWIFT_STANDARD_LIBRARIES = YES;
				BUNDLE_LOADER = "$(TEST_HOST)";
				DEVELOPMENT_TEAM = EDA8EGULN6;
				INFOPLIST_FILE = SwiftSimpleAnimationsTests/Info.plist;
				LD_RUNPATH_SEARCH_PATHS = "$(inherited) @executable_path/Frameworks @loader_path/Frameworks";
				PRODUCT_BUNDLE_IDENTIFIER = com.jointsky.SwiftSimpleAnimationsTests;
				PRODUCT_NAME = "$(TARGET_NAME)";
				SWIFT_VERSION = 3.0;
				TEST_HOST = "$(BUILT_PRODUCTS_DIR)/SwiftSimpleAnimations.app/SwiftSimpleAnimations";
			};
			name = Release;
		};
		39B1068E1E9732AD0000DC3F /* Debug */ = {
			isa = XCBuildConfiguration;
			buildSettings = {
				ALWAYS_EMBED_SWIFT_STANDARD_LIBRARIES = YES;
				DEVELOPMENT_TEAM = EDA8EGULN6;
				INFOPLIST_FILE = SwiftSimpleAnimationsUITests/Info.plist;
				LD_RUNPATH_SEARCH_PATHS = "$(inherited) @executable_path/Frameworks @loader_path/Frameworks";
				PRODUCT_BUNDLE_IDENTIFIER = com.jointsky.SwiftSimpleAnimationsUITests;
				PRODUCT_NAME = "$(TARGET_NAME)";
				SWIFT_VERSION = 3.0;
				TEST_TARGET_NAME = SwiftSimpleAnimations;
			};
			name = Debug;
		};
		39B1068F1E9732AD0000DC3F /* Release */ = {
			isa = XCBuildConfiguration;
			buildSettings = {
				ALWAYS_EMBED_SWIFT_STANDARD_LIBRARIES = YES;
				DEVELOPMENT_TEAM = EDA8EGULN6;
				INFOPLIST_FILE = SwiftSimpleAnimationsUITests/Info.plist;
				LD_RUNPATH_SEARCH_PATHS = "$(inherited) @executable_path/Frameworks @loader_path/Frameworks";
				PRODUCT_BUNDLE_IDENTIFIER = com.jointsky.SwiftSimpleAnimationsUITests;
				PRODUCT_NAME = "$(TARGET_NAME)";
				SWIFT_VERSION = 3.0;
				TEST_TARGET_NAME = SwiftSimpleAnimations;
			};
			name = Release;
		};
/* End XCBuildConfiguration section */

/* Begin XCConfigurationList section */
		39B106551E9732AC0000DC3F /* Build configuration list for PBXProject "SwiftSimpleAnimations" */ = {
			isa = XCConfigurationList;
			buildConfigurations = (
				39B106851E9732AD0000DC3F /* Debug */,
				39B106861E9732AD0000DC3F /* Release */,
			);
			defaultConfigurationIsVisible = 0;
			defaultConfigurationName = Release;
		};
		39B106871E9732AD0000DC3F /* Build configuration list for PBXNativeTarget "SwiftSimpleAnimations" */ = {
			isa = XCConfigurationList;
			buildConfigurations = (
				39B106881E9732AD0000DC3F /* Debug */,
				39B106891E9732AD0000DC3F /* Release */,
			);
			defaultConfigurationIsVisible = 0;
			defaultConfigurationName = Release;
		};
		39B1068A1E9732AD0000DC3F /* Build configuration list for PBXNativeTarget "SwiftSimpleAnimationsTests" */ = {
			isa = XCConfigurationList;
			buildConfigurations = (
				39B1068B1E9732AD0000DC3F /* Debug */,
				39B1068C1E9732AD0000DC3F /* Release */,
			);
			defaultConfigurationIsVisible = 0;
			defaultConfigurationName = Release;
		};
		39B1068D1E9732AD0000DC3F /* Build configuration list for PBXNativeTarget "SwiftSimpleAnimationsUITests" */ = {
			isa = XCConfigurationList;
			buildConfigurations = (
				39B1068E1E9732AD0000DC3F /* Debug */,
				39B1068F1E9732AD0000DC3F /* Release */,
			);
			defaultConfigurationIsVisible = 0;
			defaultConfigurationName = Release;
		};
/* End XCConfigurationList section */

/* Begin XCVersionGroup section */
		39B1065F1E9732AC0000DC3F /* SwiftSimpleAnimations.xcdatamodeld */ = {
			isa = XCVersionGroup;
			children = (
				39B106601E9732AC0000DC3F /* SwiftSimpleAnimations.xcdatamodel */,
			);
			currentVersion = 39B106601E9732AC0000DC3F /* SwiftSimpleAnimations.xcdatamodel */;
			path = SwiftSimpleAnimations.xcdatamodeld;
			sourceTree = "<group>";
			versionGroupType = wrapper.xcdatamodel;
		};
/* End XCVersionGroup section */
	};
	rootObject = 39B106521E9732AC0000DC3F /* Project object */;
}
